<?xml version="1.0" encoding="utf-8"?>
<Project ToolsVersion="4.0" xmlns="http://schemas.microsoft.com/developer/msbuild/2003">
  <ItemGroup>
    <Filter Include="Scenes">
      <UniqueIdentifier>{65d56b11-83d2-4152-8f5a-75470cff6ad8}</UniqueIdentifier>
    </Filter>
    <Filter Include="GameObjects">
      <UniqueIdentifier>{b2578da7-bc8f-4d02-bdb1-2fc773511b7c}</UniqueIdentifier>
    </Filter>
    <Filter Include="Scripts">
      <UniqueIdentifier>{e8add074-a50c-4978-9eb7-7df9ba4658f7}</UniqueIdentifier>
    </Filter>
    <Filter Include="Skill">
      <UniqueIdentifier>{576ad987-078f-492f-8904-c6ff7a21f73b}</UniqueIdentifier>
    </Filter>
  </ItemGroup>
  <ItemGroup>
    <ClCompile Include="MAlterScript.cpp">
      <Filter>Scripts</Filter>
    </ClCompile>
    <ClCompile Include="MKarmaFury.cpp">
      <Filter>Skill</Filter>
    </ClCompile>
    <ClCompile Include="MSkill.cpp">
      <Filter>Skill</Filter>
    </ClCompile>
    <ClCompile Include="MSceneObject.cpp">
      <Filter>GameObjects</Filter>
    </ClCompile>
    <ClCompile Include="MBellum.cpp">
      <Filter>GameObjects</Filter>
    </ClCompile>
    <ClCompile Include="MBellumScript.cpp">
      <Filter>Scripts</Filter>
    </ClCompile>
    <ClCompile Include="MFloor.cpp">
      <Filter>GameObjects</Filter>
    </ClCompile>
    <ClCompile Include="MPlayer.cpp">
      <Filter>GameObjects</Filter>
    </ClCompile>
    <ClCompile Include="MTile.cpp">
      <Filter>GameObjects</Filter>
    </ClCompile>
    <ClCompile Include="MPlayScene.cpp">
      <Filter>Scenes</Filter>
    </ClCompile>
    <ClCompile Include="MTitleScene.cpp">
      <Filter>Scenes</Filter>
    </ClCompile>
    <ClCompile Include="MLoadingScene.cpp">
      <Filter>Scenes</Filter>
    </ClCompile>
    <ClCompile Include="MCameraScript.cpp">
      <Filter>Scripts</Filter>
    </ClCompile>
    <ClCompile Include="MPlayerScript.cpp">
      <Filter>Scripts</Filter>
    </ClCompile>
    <ClCompile Include="MMapObject.cpp">
      <Filter>GameObjects</Filter>
    </ClCompile>
    <ClCompile Include="MBossMonster.cpp">
      <Filter>GameObjects</Filter>
    </ClCompile>
    <ClCompile Include="MSkillManager.cpp" />
    <ClCompile Include="MFlashJump.cpp">
      <Filter>Skill</Filter>
    </ClCompile>
    <ClCompile Include="MSkillObjectPool.cpp">
      <Filter>Skill</Filter>
    </ClCompile>
  </ItemGroup>
  <ItemGroup>
    <ClInclude Include="MAlterScript.h">
      <Filter>Scripts</Filter>
    </ClInclude>
    <ClInclude Include="MKarmaFury.h">
      <Filter>Skill</Filter>
    </ClInclude>
    <ClInclude Include="MSkill.h">
      <Filter>Skill</Filter>
    </ClInclude>
    <ClInclude Include="MSceneObject.h">
      <Filter>GameObjects</Filter>
    </ClInclude>
    <ClInclude Include="MBellum.h">
      <Filter>GameObjects</Filter>
    </ClInclude>
    <ClInclude Include="MBellumScript.h">
      <Filter>Scripts</Filter>
    </ClInclude>
    <ClInclude Include="MFloor.h">
      <Filter>GameObjects</Filter>
    </ClInclude>
    <ClInclude Include="MPlayer.h">
      <Filter>GameObjects</Filter>
    </ClInclude>
    <ClInclude Include="MTile.h">
      <Filter>GameObjects</Filter>
    </ClInclude>
    <ClInclude Include="MPlayScene.h">
      <Filter>Scenes</Filter>
    </ClInclude>
    <ClInclude Include="MTitleScene.h">
      <Filter>Scenes</Filter>
    </ClInclude>
    <ClInclude Include="MLoadingScene.h">
      <Filter>Scenes</Filter>
    </ClInclude>
    <ClInclude Include="MCameraScript.h">
      <Filter>Scripts</Filter>
    </ClInclude>
    <ClInclude Include="MPlayerScript.h">
      <Filter>Scripts</Filter>
    </ClInclude>
    <ClInclude Include="MLoadResources.h" />
    <ClInclude Include="MLoadScenes.h" />
    <ClInclude Include="MMapObject.h">
      <Filter>GameObjects</Filter>
    </ClInclude>
    <ClInclude Include="MBossMonster.h">
      <Filter>GameObjects</Filter>
    </ClInclude>
    <ClInclude Include="MSkillManager.h" />
    <ClInclude Include="MFlashJump.h">
      <Filter>Skill</Filter>
    </ClInclude>
    <ClInclude Include="MSkillObjectPool.h">
      <Filter>Skill</Filter>
    </ClInclude>
  </ItemGroup>
  <ItemGroup>
    <None Include="ClassDiagram.cd" />
  </ItemGroup>
</Project>